
Microsoft Visual Studio Solution File, Format Version 12.00
# Visual Studio 15
VisualStudioVersion = 15.0.25928.0
MinimumVisualStudioVersion = 10.0.40219.1
Project("{FAE04EC0-301F-11D3-BF4B-00C04F79EFBC}") = "Day01", "Day01\Day01.csproj", "{BAE06080-A6A5-421A-8C19-AFB34CFEACF7}"
EndProject
Project("{FAE04EC0-301F-11D3-BF4B-00C04F79EFBC}") = "UnitTests", "UnitTests\UnitTests.csproj", "{8777769E-C453-4BE1-A272-7CBFC123E8AC}"
EndProject
Project("{FAE04EC0-301F-11D3-BF4B-00C04F79EFBC}") = "Day02", "Day02\Day02.csproj", "{265D8CBD-2E3D-4655-871E-2084380ABBF7}"
EndProject
Project("{FAE04EC0-301F-11D3-BF4B-00C04F79EFBC}") = "Day03", "Day03\Day03.csproj", "{E377AE81-AF0F-40B6-BA03-21AE47D22BDC}"
EndProject
Project("{FAE04EC0-301F-11D3-BF4B-00C04F79EFBC}") = "Day04", "Day04\Day04.csproj", "{9905F190-B1A9-4511-A253-10C83B72E185}"
EndProject
Project("{FAE04EC0-301F-11D3-BF4B-00C04F79EFBC}") = "Day05", "Day05\Day05.csproj", "{74C0E729-4FEC-4837-ACFA-B64990F4F5C0}"
EndProject
Project("{FAE04EC0-301F-11D3-BF4B-00C04F79EFBC}") = "Day06", "Day06\Day06.csproj", "{18F9160E-3926-4534-950B-9A1D810E1563}"
EndProject
Project("{FAE04EC0-301F-11D3-BF4B-00C04F79EFBC}") = "Day07", "Day07\Day07.csproj", "{BBC7AE01-D96E-4005-8507-8774A647A821}"
EndProject
Global
	GlobalSection(SolutionConfigurationPlatforms) = preSolution
		Debug|Any CPU = Debug|Any CPU
		Release|Any CPU = Release|Any CPU
	EndGlobalSection
	GlobalSection(ProjectConfigurationPlatforms) = postSolution
		{BAE06080-A6A5-421A-8C19-AFB34CFEACF7}.Debug|Any CPU.ActiveCfg = Debug|Any CPU
		{BAE06080-A6A5-421A-8C19-AFB34CFEACF7}.Debug|Any CPU.Build.0 = Debug|Any CPU
		{BAE06080-A6A5-421A-8C19-AFB34CFEACF7}.Release|Any CPU.ActiveCfg = Release|Any CPU
		{BAE06080-A6A5-421A-8C19-AFB34CFEACF7}.Release|Any CPU.Build.0 = Release|Any CPU
		{8777769E-C453-4BE1-A272-7CBFC123E8AC}.Debug|Any CPU.ActiveCfg = Debug|Any CPU
		{8777769E-C453-4BE1-A272-7CBFC123E8AC}.Debug|Any CPU.Build.0 = Debug|Any CPU
		{8777769E-C453-4BE1-A272-7CBFC123E8AC}.Release|Any CPU.ActiveCfg = Release|Any CPU
		{8777769E-C453-4BE1-A272-7CBFC123E8AC}.Release|Any CPU.Build.0 = Release|Any CPU
		{265D8CBD-2E3D-4655-871E-2084380ABBF7}.Debug|Any CPU.ActiveCfg = Debug|Any CPU
		{265D8CBD-2E3D-4655-871E-2084380ABBF7}.Debug|Any CPU.Build.0 = Debug|Any CPU
		{265D8CBD-2E3D-4655-871E-2084380ABBF7}.Release|Any CPU.ActiveCfg = Release|Any CPU
		{265D8CBD-2E3D-4655-871E-2084380ABBF7}.Release|Any CPU.Build.0 = Release|Any CPU
		{E377AE81-AF0F-40B6-BA03-21AE47D22BDC}.Debug|Any CPU.ActiveCfg = Debug|Any CPU
		{E377AE81-AF0F-40B6-BA03-21AE47D22BDC}.Debug|Any CPU.Build.0 = Debug|Any CPU
		{E377AE81-AF0F-40B6-BA03-21AE47D22BDC}.Release|Any CPU.ActiveCfg = Release|Any CPU
		{E377AE81-AF0F-40B6-BA03-21AE47D22BDC}.Release|Any CPU.Build.0 = Release|Any CPU
		{9905F190-B1A9-4511-A253-10C83B72E185}.Debug|Any CPU.ActiveCfg = Debug|Any CPU
		{9905F190-B1A9-4511-A253-10C83B72E185}.Debug|Any CPU.Build.0 = Debug|Any CPU
		{9905F190-B1A9-4511-A253-10C83B72E185}.Release|Any CPU.ActiveCfg = Release|Any CPU
		{9905F190-B1A9-4511-A253-10C83B72E185}.Release|Any CPU.Build.0 = Release|Any CPU
		{74C0E729-4FEC-4837-ACFA-B64990F4F5C0}.Debug|Any CPU.ActiveCfg = Debug|Any CPU
		{74C0E729-4FEC-4837-ACFA-B64990F4F5C0}.Debug|Any CPU.Build.0 = Debug|Any CPU
		{74C0E729-4FEC-4837-ACFA-B64990F4F5C0}.Release|Any CPU.ActiveCfg = Release|Any CPU
		{74C0E729-4FEC-4837-ACFA-B64990F4F5C0}.Release|Any CPU.Build.0 = Release|Any CPU
		{18F9160E-3926-4534-950B-9A1D810E1563}.Debug|Any CPU.ActiveCfg = Debug|Any CPU
		{18F9160E-3926-4534-950B-9A1D810E1563}.Debug|Any CPU.Build.0 = Debug|Any CPU
		{18F9160E-3926-4534-950B-9A1D810E1563}.Release|Any CPU.ActiveCfg = Release|Any CPU
		{18F9160E-3926-4534-950B-9A1D810E1563}.Release|Any CPU.Build.0 = Release|Any CPU
		{BBC7AE01-D96E-4005-8507-8774A647A821}.Debug|Any CPU.ActiveCfg = Debug|Any CPU
		{BBC7AE01-D96E-4005-8507-8774A647A821}.Debug|Any CPU.Build.0 = Debug|Any CPU
		{BBC7AE01-D96E-4005-8507-8774A647A821}.Release|Any CPU.ActiveCfg = Release|Any CPU
		{BBC7AE01-D96E-4005-8507-8774A647A821}.Release|Any CPU.Build.0 = Release|Any CPU
	EndGlobalSection
	GlobalSection(SolutionProperties) = preSolution
		HideSolutionNode = FALSE
	EndGlobalSection
EndGlobal
